
Microsoft Visual Studio Solution File, Format Version 12.00
# Visual Studio Version 16
VisualStudioVersion = 16.0.32002.261
MinimumVisualStudioVersion = 10.0.40219.1
Project("{FAE04EC0-301F-11D3-BF4B-00C04F79EFBC}") = "HoT Android HW.UWP", "HoT Android HW.UWP\HoT Android HW.UWP.csproj", "{525115DF-FDD7-454F-92C3-8B2CFB67E32D}"
EndProject
Project("{FAE04EC0-301F-11D3-BF4B-00C04F79EFBC}") = "HoT Android HW.Android", "HoT Android HW.Android\HoT Android HW.Android.csproj", "{C2346B12-4E17-4E13-A534-A7D38E020BF7}"
EndProject
Project("{FAE04EC0-301F-11D3-BF4B-00C04F79EFBC}") = "HoT Android HW", "HoT Android HW\HoT Android HW.csproj", "{5EE02940-AA92-4C78-8168-E41AC414DAED}"
EndProject
Global
	GlobalSection(SolutionConfigurationPlatforms) = preSolution
		Debug|Any CPU = Debug|Any CPU
		Debug|ARM = Debug|ARM
		Debug|x64 = Debug|x64
		Debug|x86 = Debug|x86
		Release|Any CPU = Release|Any CPU
		Release|ARM = Release|ARM
		Release|x64 = Release|x64
		Release|x86 = Release|x86
	EndGlobalSection
	GlobalSection(ProjectConfigurationPlatforms) = postSolution
		{525115DF-FDD7-454F-92C3-8B2CFB67E32D}.Debug|Any CPU.ActiveCfg = Debug|x86
		{525115DF-FDD7-454F-92C3-8B2CFB67E32D}.Debug|Any CPU.Build.0 = Debug|x86
		{525115DF-FDD7-454F-92C3-8B2CFB67E32D}.Debug|Any CPU.Deploy.0 = Debug|x86
		{525115DF-FDD7-454F-92C3-8B2CFB67E32D}.Debug|ARM.ActiveCfg = Debug|ARM
		{525115DF-FDD7-454F-92C3-8B2CFB67E32D}.Debug|ARM.Build.0 = Debug|ARM
		{525115DF-FDD7-454F-92C3-8B2CFB67E32D}.Debug|ARM.Deploy.0 = Debug|ARM
		{525115DF-FDD7-454F-92C3-8B2CFB67E32D}.Debug|x64.ActiveCfg = Debug|x64
		{525115DF-FDD7-454F-92C3-8B2CFB67E32D}.Debug|x64.Build.0 = Debug|x64
		{525115DF-FDD7-454F-92C3-8B2CFB67E32D}.Debug|x64.Deploy.0 = Debug|x64
		{525115DF-FDD7-454F-92C3-8B2CFB67E32D}.Debug|x86.ActiveCfg = Debug|x86
		{525115DF-FDD7-454F-92C3-8B2CFB67E32D}.Debug|x86.Build.0 = Debug|x86
		{525115DF-FDD7-454F-92C3-8B2CFB67E32D}.Debug|x86.Deploy.0 = Debug|x86
		{525115DF-FDD7-454F-92C3-8B2CFB67E32D}.Release|Any CPU.ActiveCfg = Release|x86
		{525115DF-FDD7-454F-92C3-8B2CFB67E32D}.Release|Any CPU.Build.0 = Release|x86
		{525115DF-FDD7-454F-92C3-8B2CFB67E32D}.Release|Any CPU.Deploy.0 = Release|x86
		{525115DF-FDD7-454F-92C3-8B2CFB67E32D}.Release|ARM.ActiveCfg = Release|ARM
		{525115DF-FDD7-454F-92C3-8B2CFB67E32D}.Release|ARM.Build.0 = Release|ARM
		{525115DF-FDD7-454F-92C3-8B2CFB67E32D}.Release|ARM.Deploy.0 = Release|ARM
		{525115DF-FDD7-454F-92C3-8B2CFB67E32D}.Release|x64.ActiveCfg = Release|x64
		{525115DF-FDD7-454F-92C3-8B2CFB67E32D}.Release|x64.Build.0 = Release|x64
		{525115DF-FDD7-454F-92C3-8B2CFB67E32D}.Release|x64.Deploy.0 = Release|x64
		{525115DF-FDD7-454F-92C3-8B2CFB67E32D}.Release|x86.ActiveCfg = Release|x86
		{525115DF-FDD7-454F-92C3-8B2CFB67E32D}.Release|x86.Build.0 = Release|x86
		{525115DF-FDD7-454F-92C3-8B2CFB67E32D}.Release|x86.Deploy.0 = Release|x86
		{C2346B12-4E17-4E13-A534-A7D38E020BF7}.Debug|Any CPU.ActiveCfg = Debug|Any CPU
		{C2346B12-4E17-4E13-A534-A7D38E020BF7}.Debug|Any CPU.Build.0 = Debug|Any CPU
		{C2346B12-4E17-4E13-A534-A7D38E020BF7}.Debug|Any CPU.Deploy.0 = Debug|Any CPU
		{C2346B12-4E17-4E13-A534-A7D38E020BF7}.Debug|ARM.ActiveCfg = Debug|Any CPU
		{C2346B12-4E17-4E13-A534-A7D38E020BF7}.Debug|ARM.Build.0 = Debug|Any CPU
		{C2346B12-4E17-4E13-A534-A7D38E020BF7}.Debug|ARM.Deploy.0 = Debug|Any CPU
		{C2346B12-4E17-4E13-A534-A7D38E020BF7}.Debug|x64.ActiveCfg = Debug|Any CPU
		{C2346B12-4E17-4E13-A534-A7D38E020BF7}.Debug|x64.Build.0 = Debug|Any CPU
		{C2346B12-4E17-4E13-A534-A7D38E020BF7}.Debug|x64.Deploy.0 = Debug|Any CPU
		{C2346B12-4E17-4E13-A534-A7D38E020BF7}.Debug|x86.ActiveCfg = Debug|Any CPU
		{C2346B12-4E17-4E13-A534-A7D38E020BF7}.Debug|x86.Build.0 = Debug|Any CPU
		{C2346B12-4E17-4E13-A534-A7D38E020BF7}.Debug|x86.Deploy.0 = Debug|Any CPU
		{C2346B12-4E17-4E13-A534-A7D38E020BF7}.Release|Any CPU.ActiveCfg = Release|Any CPU
		{C2346B12-4E17-4E13-A534-A7D38E020BF7}.Release|Any CPU.Build.0 = Release|Any CPU
		{C2346B12-4E17-4E13-A534-A7D38E020BF7}.Release|Any CPU.Deploy.0 = Release|Any CPU
		{C2346B12-4E17-4E13-A534-A7D38E020BF7}.Release|ARM.ActiveCfg = Release|Any CPU
		{C2346B12-4E17-4E13-A534-A7D38E020BF7}.Release|ARM.Build.0 = Release|Any CPU
		{C2346B12-4E17-4E13-A534-A7D38E020BF7}.Release|ARM.Deploy.0 = Release|Any CPU
		{C2346B12-4E17-4E13-A534-A7D38E020BF7}.Release|x64.ActiveCfg = Release|Any CPU
		{C2346B12-4E17-4E13-A534-A7D38E020BF7}.Release|x64.Build.0 = Release|Any CPU
		{C2346B12-4E17-4E13-A534-A7D38E020BF7}.Release|x64.Deploy.0 = Release|Any CPU
		{C2346B12-4E17-4E13-A534-A7D38E020BF7}.Release|x86.ActiveCfg = Release|Any CPU
		{C2346B12-4E17-4E13-A534-A7D38E020BF7}.Release|x86.Build.0 = Release|Any CPU
		{C2346B12-4E17-4E13-A534-A7D38E020BF7}.Release|x86.Deploy.0 = Release|Any CPU
		{5EE02940-AA92-4C78-8168-E41AC414DAED}.Debug|Any CPU.ActiveCfg = Debug|Any CPU
		{5EE02940-AA92-4C78-8168-E41AC414DAED}.Debug|Any CPU.Build.0 = Debug|Any CPU
		{5EE02940-AA92-4C78-8168-E41AC414DAED}.Debug|Any CPU.Deploy.0 = Debug|Any CPU
		{5EE02940-AA92-4C78-8168-E41AC414DAED}.Debug|ARM.ActiveCfg = Debug|Any CPU
		{5EE02940-AA92-4C78-8168-E41AC414DAED}.Debug|ARM.Build.0 = Debug|Any CPU
		{5EE02940-AA92-4C78-8168-E41AC414DAED}.Debug|ARM.Deploy.0 = Debug|Any CPU
		{5EE02940-AA92-4C78-8168-E41AC414DAED}.Debug|x64.ActiveCfg = Debug|Any CPU
		{5EE02940-AA92-4C78-8168-E41AC414DAED}.Debug|x64.Build.0 = Debug|Any CPU
		{5EE02940-AA92-4C78-8168-E41AC414DAED}.Debug|x64.Deploy.0 = Debug|Any CPU
		{5EE02940-AA92-4C78-8168-E41AC414DAED}.Debug|x86.ActiveCfg = Debug|Any CPU
		{5EE02940-AA92-4C78-8168-E41AC414DAED}.Debug|x86.Build.0 = Debug|Any CPU
		{5EE02940-AA92-4C78-8168-E41AC414DAED}.Debug|x86.Deploy.0 = Debug|Any CPU
		{5EE02940-AA92-4C78-8168-E41AC414DAED}.Release|Any CPU.ActiveCfg = Release|Any CPU
		{5EE02940-AA92-4C78-8168-E41AC414DAED}.Release|Any CPU.Build.0 = Release|Any CPU
		{5EE02940-AA92-4C78-8168-E41AC414DAED}.Release|Any CPU.Deploy.0 = Release|Any CPU
		{5EE02940-AA92-4C78-8168-E41AC414DAED}.Release|ARM.ActiveCfg = Release|Any CPU
		{5EE02940-AA92-4C78-8168-E41AC414DAED}.Release|ARM.Build.0 = Release|Any CPU
		{5EE02940-AA92-4C78-8168-E41AC414DAED}.Release|ARM.Deploy.0 = Release|Any CPU
		{5EE02940-AA92-4C78-8168-E41AC414DAED}.Release|x64.ActiveCfg = Release|Any CPU
		{5EE02940-AA92-4C78-8168-E41AC414DAED}.Release|x64.Build.0 = Release|Any CPU
		{5EE02940-AA92-4C78-8168-E41AC414DAED}.Release|x64.Deploy.0 = Release|Any CPU
		{5EE02940-AA92-4C78-8168-E41AC414DAED}.Release|x86.ActiveCfg = Release|Any CPU
		{5EE02940-AA92-4C78-8168-E41AC414DAED}.Release|x86.Build.0 = Release|Any CPU
		{5EE02940-AA92-4C78-8168-E41AC414DAED}.Release|x86.Deploy.0 = Release|Any CPU
	EndGlobalSection
	GlobalSection(SolutionProperties) = preSolution
		HideSolutionNode = FALSE
	EndGlobalSection
	GlobalSection(ExtensibilityGlobals) = postSolution
		SolutionGuid = {5B31C2FD-9EED-4898-A573-CCDB16ECFF20}
	EndGlobalSection
EndGlobal
